// !$*UTF8*$!
{
	archiveVersion = 1;
	classes = {
	};
	objectVersion = 46;
	objects = {

/* Begin PBXBuildFile section */
		968F63751D1C23720064733C /* main.m in Sources */ = {isa = PBXBuildFile; fileRef = 968F63741D1C23720064733C /* main.m */; };
		968F63781D1C23720064733C /* AppDelegate.m in Sources */ = {isa = PBXBuildFile; fileRef = 968F63771D1C23720064733C /* AppDelegate.m */; };
		968F637B1D1C23720064733C /* ViewController.m in Sources */ = {isa = PBXBuildFile; fileRef = 968F637A1D1C23720064733C /* ViewController.m */; };
		968F637E1D1C23720064733C /* Main.storyboard in Resources */ = {isa = PBXBuildFile; fileRef = 968F637C1D1C23720064733C /* Main.storyboard */; };
		968F63801D1C23720064733C /* Assets.xcassets in Resources */ = {isa = PBXBuildFile; fileRef = 968F637F1D1C23720064733C /* Assets.xcassets */; };
		968F63831D1C23720064733C /* LaunchScreen.storyboard in Resources */ = {isa = PBXBuildFile; fileRef = 968F63811D1C23720064733C /* LaunchScreen.storyboard */; };
		968F638E1D1C23720064733C /* NextUXCodeProjectTests.m in Sources */ = {isa = PBXBuildFile; fileRef = 968F638D1D1C23720064733C /* NextUXCodeProjectTests.m */; };
		968F63991D1C23720064733C /* NextUXCodeProjectUITests.m in Sources */ = {isa = PBXBuildFile; fileRef = 968F63981D1C23720064733C /* NextUXCodeProjectUITests.m */; };
/* End PBXBuildFile section */

/* Begin PBXContainerItemProxy section */
		968F638A1D1C23720064733C /* PBXContainerItemProxy */ = {
			isa = PBXContainerItemProxy;
			containerPortal = 968F63681D1C23720064733C /* Project object */;
			proxyType = 1;
			remoteGlobalIDString = 968F636F1D1C23720064733C;
			remoteInfo = NextUXCodeProject;
		};
		968F63951D1C23720064733C /* PBXContainerItemProxy */ = {
			isa = PBXContainerItemProxy;
			containerPortal = 968F63681D1C23720064733C /* Project object */;
			proxyType = 1;
			remoteGlobalIDString = 968F636F1D1C23720064733C;
			remoteInfo = NextUXCodeProject;
		};
/* End PBXContainerItemProxy section */

/* Begin PBXFileReference section */
		968F63701D1C23720064733C /* NextUXCodeProject.app */ = {isa = PBXFileReference; explicitFileType = wrapper.application; includeInIndex = 0; path = NextUXCodeProject.app; sourceTree = BUILT_PRODUCTS_DIR; };
		968F63741D1C23720064733C /* main.m */ = {isa = PBXFileReference; lastKnownFileType = sourcecode.c.objc; path = main.m; sourceTree = "<group>"; };
		968F63761D1C23720064733C /* AppDelegate.h */ = {isa = PBXFileReference; lastKnownFileType = sourcecode.c.h; path = AppDelegate.h; sourceTree = "<group>"; };
		968F63771D1C23720064733C /* AppDelegate.m */ = {isa = PBXFileReference; lastKnownFileType = sourcecode.c.objc; path = AppDelegate.m; sourceTree = "<group>"; };
		968F63791D1C23720064733C /* ViewController.h */ = {isa = PBXFileReference; lastKnownFileType = sourcecode.c.h; path = ViewController.h; sourceTree = "<group>"; };
		968F637A1D1C23720064733C /* ViewController.m */ = {isa = PBXFileReference; lastKnownFileType = sourcecode.c.objc; path = ViewController.m; sourceTree = "<group>"; };
		968F637D1D1C23720064733C /* Base */ = {isa = PBXFileReference; lastKnownFileType = file.storyboard; name = Base; path = Base.lproj/Main.storyboard; sourceTree = "<group>"; };
		968F637F1D1C23720064733C /* Assets.xcassets */ = {isa = PBXFileReference; lastKnownFileType = folder.assetcatalog; path = Assets.xcassets; sourceTree = "<group>"; };
		968F63821D1C23720064733C /* Base */ = {isa = PBXFileReference; lastKnownFileType = file.storyboard; name = Base; path = Base.lproj/LaunchScreen.storyboard; sourceTree = "<group>"; };
		968F63841D1C23720064733C /* Info.plist */ = {isa = PBXFileReference; lastKnownFileType = text.plist.xml; path = Info.plist; sourceTree = "<group>"; };
		968F63891D1C23720064733C /* NextUXCodeProjectTests.xctest */ = {isa = PBXFileReference; explicitFileType = wrapper.cfbundle; includeInIndex = 0; path = NextUXCodeProjectTests.xctest; sourceTree = BUILT_PRODUCTS_DIR; };
		968F638D1D1C23720064733C /* NextUXCodeProjectTests.m */ = {isa = PBXFileReference; lastKnownFileType = sourcecode.c.objc; path = NextUXCodeProjectTests.m; sourceTree = "<group>"; };
		968F638F1D1C23720064733C /* Info.plist */ = {isa = PBXFileReference; lastKnownFileType = text.plist.xml; path = Info.plist; sourceTree = "<group>"; };
		968F63941D1C23720064733C /* NextUXCodeProjectUITests.xctest */ = {isa = PBXFileReference; explicitFileType = wrapper.cfbundle; includeInIndex = 0; path = NextUXCodeProjectUITests.xctest; sourceTree = BUILT_PRODUCTS_DIR; };
		968F63981D1C23720064733C /* NextUXCodeProjectUITests.m */ = {isa = PBXFileReference; lastKnownFileType = sourcecode.c.objc; path = NextUXCodeProjectUITests.m; sourceTree = "<group>"; };
		968F639A1D1C23720064733C /* Info.plist */ = {isa = PBXFileReference; lastKnownFileType = text.plist.xml; path = Info.plist; sourceTree = "<group>"; };
/* End PBXFileReference section */

/* Begin PBXFrameworksBuildPhase section */
		968F636D1D1C23720064733C /* Frameworks */ = {
			isa = PBXFrameworksBuildPhase;
			buildActionMask = 2147483647;
			files = (
			);
			runOnlyForDeploymentPostprocessing = 0;
		};
		968F63861D1C23720064733C /* Frameworks */ = {
			isa = PBXFrameworksBuildPhase;
			buildActionMask = 2147483647;
			files = (
			);
			runOnlyForDeploymentPostprocessing = 0;
		};
		968F63911D1C23720064733C /* Frameworks */ = {
			isa = PBXFrameworksBuildPhase;
			buildActionMask = 2147483647;
			files = (
			);
			runOnlyForDeploymentPostprocessing = 0;
		};
/* End PBXFrameworksBuildPhase section */

/* Begin PBXGroup section */
		968F63671D1C23720064733C = {
			isa = PBXGroup;
			children = (
				968F63721D1C23720064733C /* NextUXCodeProject */,
				968F638C1D1C23720064733C /* NextUXCodeProjectTests */,
				968F63971D1C23720064733C /* NextUXCodeProjectUITests */,
				968F63711D1C23720064733C /* Products */,
			);
			sourceTree = "<group>";
		};
		968F63711D1C23720064733C /* Products */ = {
			isa = PBXGroup;
			children = (
				968F63701D1C23720064733C /* NextUXCodeProject.app */,
				968F63891D1C23720064733C /* NextUXCodeProjectTests.xctest */,
				968F63941D1C23720064733C /* NextUXCodeProjectUITests.xctest */,
			);
			name = Products;
			sourceTree = "<group>";
		};
		968F63721D1C23720064733C /* NextUXCodeProject */ = {
			isa = PBXGroup;
			children = (
				968F63761D1C23720064733C /* AppDelegate.h */,
				968F63771D1C23720064733C /* AppDelegate.m */,
				968F63791D1C23720064733C /* ViewController.h */,
				968F637A1D1C23720064733C /* ViewController.m */,
				968F637C1D1C23720064733C /* Main.storyboard */,
				968F637F1D1C23720064733C /* Assets.xcassets */,
				968F63811D1C23720064733C /* LaunchScreen.storyboard */,
				968F63841D1C23720064733C /* Info.plist */,
				968F63731D1C23720064733C /* Supporting Files */,
			);
			path = NextUXCodeProject;
			sourceTree = "<group>";
		};
		968F63731D1C23720064733C /* Supporting Files */ = {
			isa = PBXGroup;
			children = (
				968F63741D1C23720064733C /* main.m */,
			);
			name = "Supporting Files";
			sourceTree = "<group>";
		};
		968F638C1D1C23720064733C /* NextUXCodeProjectTests */ = {
			isa = PBXGroup;
			children = (
				968F638D1D1C23720064733C /* NextUXCodeProjectTests.m */,
				968F638F1D1C23720064733C /* Info.plist */,
			);
			path = NextUXCodeProjectTests;
			sourceTree = "<group>";
		};
		968F63971D1C23720064733C /* NextUXCodeProjectUITests */ = {
			isa = PBXGroup;
			children = (
				968F63981D1C23720064733C /* NextUXCodeProjectUITests.m */,
				968F639A1D1C23720064733C /* Info.plist */,
			);
			path = NextUXCodeProjectUITests;
			sourceTree = "<group>";
		};
/* End PBXGroup section */

/* Begin PBXNativeTarget section */
		968F636F1D1C23720064733C /* NextUXCodeProject */ = {
			isa = PBXNativeTarget;
			buildConfigurationList = 968F639D1D1C23720064733C /* Build configuration list for PBXNativeTarget "NextUXCodeProject" */;
			buildPhases = (
				968F636C1D1C23720064733C /* Sources */,
				968F636D1D1C23720064733C /* Frameworks */,
				968F636E1D1C23720064733C /* Resources */,
			);
			buildRules = (
			);
			dependencies = (
			);
			name = NextUXCodeProject;
			productName = NextUXCodeProject;
			productReference = 968F63701D1C23720064733C /* NextUXCodeProject.app */;
			productType = "com.apple.product-type.application";
		};
		968F63881D1C23720064733C /* NextUXCodeProjectTests */ = {
			isa = PBXNativeTarget;
			buildConfigurationList = 968F63A01D1C23720064733C /* Build configuration list for PBXNativeTarget "NextUXCodeProjectTests" */;
			buildPhases = (
				968F63851D1C23720064733C /* Sources */,
				968F63861D1C23720064733C /* Frameworks */,
				968F63871D1C23720064733C /* Resources */,
			);
			buildRules = (
			);
			dependencies = (
				968F638B1D1C23720064733C /* PBXTargetDependency */,
			);
			name = NextUXCodeProjectTests;
			productName = NextUXCodeProjectTests;
			productReference = 968F63891D1C23720064733C /* NextUXCodeProjectTests.xctest */;
			productType = "com.apple.product-type.bundle.unit-test";
		};
		968F63931D1C23720064733C /* NextUXCodeProjectUITests */ = {
			isa = PBXNativeTarget;
			buildConfigurationList = 968F63A31D1C23720064733C /* Build configuration list for PBXNativeTarget "NextUXCodeProjectUITests" */;
			buildPhases = (
				968F63901D1C23720064733C /* Sources */,
				968F63911D1C23720064733C /* Frameworks */,
				968F63921D1C23720064733C /* Resources */,
			);
			buildRules = (
			);
			dependencies = (
				968F63961D1C23720064733C /* PBXTargetDependency */,
			);
			name = NextUXCodeProjectUITests;
			productName = NextUXCodeProjectUITests;
			productReference = 968F63941D1C23720064733C /* NextUXCodeProjectUITests.xctest */;
			productType = "com.apple.product-type.bundle.ui-testing";
		};
/* End PBXNativeTarget section */

/* Begin PBXProject section */
		968F63681D1C23720064733C /* Project object */ = {
			isa = PBXProject;
			attributes = {
				LastUpgradeCheck = 0730;
				ORGANIZATIONNAME = NextU;
				TargetAttributes = {
					968F636F1D1C23720064733C = {
						CreatedOnToolsVersion = 7.3.1;
					};
					968F63881D1C23720064733C = {
						CreatedOnToolsVersion = 7.3.1;
						TestTargetID = 968F636F1D1C23720064733C;
					};
					968F63931D1C23720064733C = {
						CreatedOnToolsVersion = 7.3.1;
						TestTargetID = 968F636F1D1C23720064733C;
					};
				};
			};
			buildConfigurationList = 968F636B1D1C23720064733C /* Build configuration list for PBXProject "NextUXCodeProject" */;
			compatibilityVersion = "Xcode 3.2";
			developmentRegion = English;
			hasScannedForEncodings = 0;
			knownRegions = (
				en,
				Base,
			);
			mainGroup = 968F63671D1C23720064733C;
			productRefGroup = 968F63711D1C23720064733C /* Products */;
			projectDirPath = "";
			projectRoot = "";
			targets = (
				968F636F1D1C23720064733C /* NextUXCodeProject */,
				968F63881D1C23720064733C /* NextUXCodeProjectTests */,
				968F63931D1C23720064733C /* NextUXCodeProjectUITests */,
			);
		};
/* End PBXProject section */

/* Begin PBXResourcesBuildPhase section */
		968F636E1D1C23720064733C /* Resources */ = {
			isa = PBXResourcesBuildPhase;
			buildActionMask = 2147483647;
			files = (
				968F63831D1C23720064733C /* LaunchScreen.storyboard in Resources */,
				968F63801D1C23720064733C /* Assets.xcassets in Resources */,
				968F637E1D1C23720064733C /* Main.storyboard in Resources */,
			);
			runOnlyForDeploymentPostprocessing = 0;
		};
		968F63871D1C23720064733C /* Resources */ = {
			isa = PBXResourcesBuildPhase;
			buildActionMask = 2147483647;
			files = (
			);
			runOnlyForDeploymentPostprocessing = 0;
		};
		968F63921D1C23720064733C /* Resources */ = {
			isa = PBXResourcesBuildPhase;
			buildActionMask = 2147483647;
			files = (
			);
			runOnlyForDeploymentPostprocessing = 0;
		};
/* End PBXResourcesBuildPhase section */

/* Begin PBXSourcesBuildPhase section */
		968F636C1D1C23720064733C /* Sources */ = {
			isa = PBXSourcesBuildPhase;
			buildActionMask = 2147483647;
			files = (
				968F637B1D1C23720064733C /* ViewController.m in Sources */,
				968F63781D1C23720064733C /* AppDelegate.m in Sources */,
				968F63751D1C23720064733C /* main.m in Sources */,
			);
			runOnlyForDeploymentPostprocessing = 0;
		};
		968F63851D1C23720064733C /* Sources */ = {
			isa = PBXSourcesBuildPhase;
			buildActionMask = 2147483647;
			files = (
				968F638E1D1C23720064733C /* NextUXCodeProjectTests.m in Sources */,
			);
			runOnlyForDeploymentPostprocessing = 0;
		};
		968F63901D1C23720064733C /* Sources */ = {
			isa = PBXSourcesBuildPhase;
			buildActionMask = 2147483647;
			files = (
				968F63991D1C23720064733C /* NextUXCodeProjectUITests.m in Sources */,
			);
			runOnlyForDeploymentPostprocessing = 0;
		};
/* End PBXSourcesBuildPhase section */

/* Begin PBXTargetDependency section */
		968F638B1D1C23720064733C /* PBXTargetDependency */ = {
			isa = PBXTargetDependency;
			target = 968F636F1D1C23720064733C /* NextUXCodeProject */;
			targetProxy = 968F638A1D1C23720064733C /* PBXContainerItemProxy */;
		};
		968F63961D1C23720064733C /* PBXTargetDependency */ = {
			isa = PBXTargetDependency;
			target = 968F636F1D1C23720064733C /* NextUXCodeProject */;
			targetProxy = 968F63951D1C23720064733C /* PBXContainerItemProxy */;
		};
/* End PBXTargetDependency section */

/* Begin PBXVariantGroup section */
		968F637C1D1C23720064733C /* Main.storyboard */ = {
			isa = PBXVariantGroup;
			children = (
				968F637D1D1C23720064733C /* Base */,
			);
			name = Main.storyboard;
			sourceTree = "<group>";
		};
		968F63811D1C23720064733C /* LaunchScreen.storyboard */ = {
			isa = PBXVariantGroup;
			children = (
				968F63821D1C23720064733C /* Base */,
			);
			name = LaunchScreen.storyboard;
			sourceTree = "<group>";
		};
/* End PBXVariantGroup section */

/* Begin XCBuildConfiguration section */
		968F639B1D1C23720064733C /* Debug */ = {
			isa = XCBuildConfiguration;
			buildSettings = {
				ALWAYS_SEARCH_USER_PATHS = NO;
				CLANG_ANALYZER_NONNULL = YES;
				CLANG_CXX_LANGUAGE_STANDARD = "gnu++0x";
				CLANG_CXX_LIBRARY = "libc++";
				CLANG_ENABLE_MODULES = YES;
				CLANG_ENABLE_OBJC_ARC = YES;
				CLANG_WARN_BOOL_CONVERSION = YES;
				CLANG_WARN_CONSTANT_CONVERSION = YES;
				CLANG_WARN_DIRECT_OBJC_ISA_USAGE = YES_ERROR;
				CLANG_WARN_EMPTY_BODY = YES;
				CLANG_WARN_ENUM_CONVERSION = YES;
				CLANG_WARN_INT_CONVERSION = YES;
				CLANG_WARN_OBJC_ROOT_CLASS = YES_ERROR;
				CLANG_WARN_UNREACHABLE_CODE = YES;
				CLANG_WARN__DUPLICATE_METHOD_MATCH = YES;
				"CODE_SIGN_IDENTITY[sdk=iphoneos*]" = "iPhone Developer";
				COPY_PHASE_STRIP = NO;
				DEBUG_INFORMATION_FORMAT = dwarf;
				ENABLE_STRICT_OBJC_MSGSEND = YES;
				ENABLE_TESTABILITY = YES;
				GCC_C_LANGUAGE_STANDARD = gnu99;
				GCC_DYNAMIC_NO_PIC = NO;
				GCC_NO_COMMON_BLOCKS = YES;
				GCC_OPTIMIZATION_LEVEL = 0;
				GCC_PREPROCESSOR_DEFINITIONS = (
					"DEBUG=1",
					"$(inherited)",
				);
				GCC_WARN_64_TO_32_BIT_CONVERSION = YES;
				GCC_WARN_ABOUT_RETURN_TYPE = YES_ERROR;
				GCC_WARN_UNDECLARED_SELECTOR = YES;
				GCC_WARN_UNINITIALIZED_AUTOS = YES_AGGRESSIVE;
				GCC_WARN_UNUSED_FUNCTION = YES;
				GCC_WARN_UNUSED_VARIABLE = YES;
				IPHONEOS_DEPLOYMENT_TARGET = 9.3;
				MTL_ENABLE_DEBUG_INFO = YES;
				ONLY_ACTIVE_ARCH = YES;
				SDKROOT = iphoneos;
				TARGETED_DEVICE_FAMILY = "1,2";
			};
			name = Debug;
		};
		968F639C1D1C23720064733C /* Release */ = {
			isa = XCBuildConfiguration;
			buildSettings = {
				ALWAYS_SEARCH_USER_PATHS = NO;
				CLANG_ANALYZER_NONNULL = YES;
				CLANG_CXX_LANGUAGE_STANDARD = "gnu++0x";
				CLANG_CXX_LIBRARY = "libc++";
				CLANG_ENABLE_MODULES = YES;
				CLANG_ENABLE_OBJC_ARC = YES;
				CLANG_WARN_BOOL_CONVERSION = YES;
				CLANG_WARN_CONSTANT_CONVERSION = YES;
				CLANG_WARN_DIRECT_OBJC_ISA_USAGE = YES_ERROR;
				CLANG_WARN_EMPTY_BODY = YES;
				CLANG_WARN_ENUM_CONVERSION = YES;
				CLANG_WARN_INT_CONVERSION = YES;
				CLANG_WARN_OBJC_ROOT_CLASS = YES_ERROR;
				CLANG_WARN_UNREACHABLE_CODE = YES;
				CLANG_WARN__DUPLICATE_METHOD_MATCH = YES;
				"CODE_SIGN_IDENTITY[sdk=iphoneos*]" = "iPhone Developer";
				COPY_PHASE_STRIP = NO;
				DEBUG_INFORMATION_FORMAT = "dwarf-with-dsym";
				ENABLE_NS_ASSERTIONS = NO;
				ENABLE_STRICT_OBJC_MSGSEND = YES;
				GCC_C_LANGUAGE_STANDARD = gnu99;
				GCC_NO_COMMON_BLOCKS = YES;
				GCC_WARN_64_TO_32_BIT_CONVERSION = YES;
				GCC_WARN_ABOUT_RETURN_TYPE = YES_ERROR;
				GCC_WARN_UNDECLARED_SELECTOR = YES;
				GCC_WARN_UNINITIALIZED_AUTOS = YES_AGGRESSIVE;
				GCC_WARN_UNUSED_FUNCTION = YES;
				GCC_WARN_UNUSED_VARIABLE = YES;
				IPHONEOS_DEPLOYMENT_TARGET = 9.3;
				MTL_ENABLE_DEBUG_INFO = NO;
				SDKROOT = iphoneos;
				TARGETED_DEVICE_FAMILY = "1,2";
				VALIDATE_PRODUCT = YES;
			};
			name = Release;
		};
		968F639E1D1C23720064733C /* Debug */ = {
			isa = XCBuildConfiguration;
			buildSettings = {
				ASSETCATALOG_COMPILER_APPICON_NAME = AppIcon;
				INFOPLIST_FILE = NextUXCodeProject/Info.plist;
				LD_RUNPATH_SEARCH_PATHS = "$(inherited) @executable_path/Frameworks";
				PRODUCT_BUNDLE_IDENTIFIER = NextU.NextUXCodeProject;
				PRODUCT_NAME = "$(TARGET_NAME)";
			};
			name = Debug;
		};
		968F639F1D1C23720064733C /* Release */ = {
			isa = XCBuildConfiguration;
			buildSettings = {
				ASSETCATALOG_COMPILER_APPICON_NAME = AppIcon;
				INFOPLIST_FILE = NextUXCodeProject/Info.plist;
				LD_RUNPATH_SEARCH_PATHS = "$(inherited) @executable_path/Frameworks";
				PRODUCT_BUNDLE_IDENTIFIER = NextU.NextUXCodeProject;
				PRODUCT_NAME = "$(TARGET_NAME)";
			};
			name = Release;
		};
		968F63A11D1C23720064733C /* Debug */ = {
			isa = XCBuildConfiguration;
			buildSettings = {
				BUNDLE_LOADER = "$(TEST_HOST)";
				INFOPLIST_FILE = NextUXCodeProjectTests/Info.plist;
				LD_RUNPATH_SEARCH_PATHS = "$(inherited) @executable_path/Frameworks @loader_path/Frameworks";
				PRODUCT_BUNDLE_IDENTIFIER = NextU.NextUXCodeProjectTests;
				PRODUCT_NAME = "$(TARGET_NAME)";
				TEST_HOST = "$(BUILT_PRODUCTS_DIR)/NextUXCodeProject.app/NextUXCodeProject";
			};
			name = Debug;
		};
		968F63A21D1C23720064733C /* Release */ = {
			isa = XCBuildConfiguration;
			buildSettings = {
				BUNDLE_LOADER = "$(TEST_HOST)";
				INFOPLIST_FILE = NextUXCodeProjectTests/Info.plist;
				LD_RUNPATH_SEARCH_PATHS = "$(inherited) @executable_path/Frameworks @loader_path/Frameworks";
				PRODUCT_BUNDLE_IDENTIFIER = NextU.NextUXCodeProjectTests;
				PRODUCT_NAME = "$(TARGET_NAME)";
				TEST_HOST = "$(BUILT_PRODUCTS_DIR)/NextUXCodeProject.app/NextUXCodeProject";
			};
			name = Release;
		};
		968F63A41D1C23720064733C /* Debug */ = {
			isa = XCBuildConfiguration;
			buildSettings = {
				INFOPLIST_FILE = NextUXCodeProjectUITests/Info.plist;
				LD_RUNPATH_SEARCH_PATHS = "$(inherited) @executable_path/Frameworks @loader_path/Frameworks";
				PRODUCT_BUNDLE_IDENTIFIER = NextU.NextUXCodeProjectUITests;
				PRODUCT_NAME = "$(TARGET_NAME)";
				TEST_TARGET_NAME = NextUXCodeProject;
			};
			name = Debug;
		};
		968F63A51D1C23720064733C /* Release */ = {
			isa = XCBuildConfiguration;
			buildSettings = {
				INFOPLIST_FILE = NextUXCodeProjectUITests/Info.plist;
				LD_RUNPATH_SEARCH_PATHS = "$(inherited) @executable_path/Frameworks @loader_path/Frameworks";
				PRODUCT_BUNDLE_IDENTIFIER = NextU.NextUXCodeProjectUITests;
				PRODUCT_NAME = "$(TARGET_NAME)";
				TEST_TARGET_NAME = NextUXCodeProject;
			};
			name = Release;
		};
/* End XCBuildConfiguration section */

/* Begin XCConfigurationList section */
		968F636B1D1C23720064733C /* Build configuration list for PBXProject "NextUXCodeProject" */ = {
			isa = XCConfigurationList;
			buildConfigurations = (
				968F639B1D1C23720064733C /* Debug */,
				968F639C1D1C23720064733C /* Release */,
			);
			defaultConfigurationIsVisible = 0;
			defaultConfigurationName = Release;
		};
		968F639D1D1C23720064733C /* Build configuration list for PBXNativeTarget "NextUXCodeProject" */ = {
			isa = XCConfigurationList;
			buildConfigurations = (
				968F639E1D1C23720064733C /* Debug */,
				968F639F1D1C23720064733C /* Release */,
			);
			defaultConfigurationIsVisible = 0;
		};
		968F63A01D1C23720064733C /* Build configuration list for PBXNativeTarget "NextUXCodeProjectTests" */ = {
			isa = XCConfigurationList;
			buildConfigurations = (
				968F63A11D1C23720064733C /* Debug */,
				968F63A21D1C23720064733C /* Release */,
			);
			defaultConfigurationIsVisible = 0;
		};
		968F63A31D1C23720064733C /* Build configuration list for PBXNativeTarget "NextUXCodeProjectUITests" */ = {
			isa = XCConfigurationList;
			buildConfigurations = (
				968F63A41D1C23720064733C /* Debug */,
				968F63A51D1C23720064733C /* Release */,
			);
			defaultConfigurationIsVisible = 0;
		};
/* End XCConfigurationList section */
	};
	rootObject = 968F63681D1C23720064733C /* Project object */;
}
